
Microsoft Visual Studio Solution File, Format Version 12.00
# Visual Studio Version 17
VisualStudioVersion = 17.10.35027.167
MinimumVisualStudioVersion = 10.0.40219.1
Project("{FAE04EC0-301F-11D3-BF4B-00C04F79EFBC}") = "FirstAPI", "FirstAPI.csproj", "{053923A1-6F42-473E-87AE-691B05B74CE0}"
EndProject
Global
	GlobalSection(SolutionConfigurationPlatforms) = preSolution
		Debug|Any CPU = Debug|Any CPU
		Release|Any CPU = Release|Any CPU
	EndGlobalSection
	GlobalSection(ProjectConfigurationPlatforms) = postSolution
		{053923A1-6F42-473E-87AE-691B05B74CE0}.Debug|Any CPU.ActiveCfg = Debug|Any CPU
		{053923A1-6F42-473E-87AE-691B05B74CE0}.Debug|Any CPU.Build.0 = Debug|Any CPU
		{053923A1-6F42-473E-87AE-691B05B74CE0}.Release|Any CPU.ActiveCfg = Release|Any CPU
		{053923A1-6F42-473E-87AE-691B05B74CE0}.Release|Any CPU.Build.0 = Release|Any CPU
	EndGlobalSection
	GlobalSection(SolutionProperties) = preSolution
		HideSolutionNode = FALSE
	EndGlobalSection
	GlobalSection(ExtensibilityGlobals) = postSolution
		SolutionGuid = {F8DE8850-AC7D-48AB-8ED3-298F20BBDD9C}
	EndGlobalSection
EndGlobal
